// !$*UTF8*$!
{
	archiveVersion = 1;
	classes = {
	};
	objectVersion = 50;
	objects = {

/* Begin PBXBuildFile section */
		9B082B2E2561C9DB009A4E16 /* ItemDispose.storyboard in Resources */ = {isa = PBXBuildFile; fileRef = 9B082B232561C9DB009A4E16 /* ItemDispose.storyboard */; };
		9B082B2F2561C9DB009A4E16 /* ItemDisposeDetailViewController.swift in Sources */ = {isa = PBXBuildFile; fileRef = 9B082B242561C9DB009A4E16 /* ItemDisposeDetailViewController.swift */; };
		9B082B302561C9DB009A4E16 /* ItemDisposeViewController.swift in Sources */ = {isa = PBXBuildFile; fileRef = 9B082B252561C9DB009A4E16 /* ItemDisposeViewController.swift */; };
		9B0B23CC2561CA4C008EF318 /* ItemDonate.storyboard in Resources */ = {isa = PBXBuildFile; fileRef = 9B0B23C92561CA4C008EF318 /* ItemDonate.storyboard */; };
		9B0B23CD2561CA4C008EF318 /* ItemDonateViewController.swift in Sources */ = {isa = PBXBuildFile; fileRef = 9B0B23CA2561CA4C008EF318 /* ItemDonateViewController.swift */; };
		9B0B23CE2561CA4C008EF318 /* ItemDonateDetailViewController.swift in Sources */ = {isa = PBXBuildFile; fileRef = 9B0B23CB2561CA4C008EF318 /* ItemDonateDetailViewController.swift */; };
		9B1429282542D92100B25012 /* model.swift in Sources */ = {isa = PBXBuildFile; fileRef = 9B1429272542D92100B25012 /* model.swift */; };
		9B6B03592561C6B6006ABDF6 /* ConfirmationOnboardingView.xib in Resources */ = {isa = PBXBuildFile; fileRef = 9B6B03532561C6B6006ABDF6 /* ConfirmationOnboardingView.xib */; };
		9B6B035A2561C6B6006ABDF6 /* ActionOnboardingView.xib in Resources */ = {isa = PBXBuildFile; fileRef = 9B6B03542561C6B6006ABDF6 /* ActionOnboardingView.xib */; };
		9B6B035B2561C6B6006ABDF6 /* OnboardingHomeView.xib in Resources */ = {isa = PBXBuildFile; fileRef = 9B6B03552561C6B6006ABDF6 /* OnboardingHomeView.xib */; };
		9B6B035C2561C6B6006ABDF6 /* CameraOnboardingView.xib in Resources */ = {isa = PBXBuildFile; fileRef = 9B6B03562561C6B6006ABDF6 /* CameraOnboardingView.xib */; };
		9B6B035D2561C6B6006ABDF6 /* RecommendOnboardingView.xib in Resources */ = {isa = PBXBuildFile; fileRef = 9B6B03572561C6B6006ABDF6 /* RecommendOnboardingView.xib */; };
		9B6B035E2561C6B6006ABDF6 /* ScanOnboardingView.xib in Resources */ = {isa = PBXBuildFile; fileRef = 9B6B03582561C6B6006ABDF6 /* ScanOnboardingView.xib */; };
		9B6B03682561C6C2006ABDF6 /* OnboardingViewController.swift in Sources */ = {isa = PBXBuildFile; fileRef = 9B6B03642561C6C2006ABDF6 /* OnboardingViewController.swift */; };
		9B895FF02561C8BF00941DF7 /* ItemSold.storyboard in Resources */ = {isa = PBXBuildFile; fileRef = 9B895FED2561C8BF00941DF7 /* ItemSold.storyboard */; };
		9B895FF12561C8BF00941DF7 /* ItemSoldDetailViewController.swift in Sources */ = {isa = PBXBuildFile; fileRef = 9B895FEE2561C8BF00941DF7 /* ItemSoldDetailViewController.swift */; };
		9B895FF22561C8BF00941DF7 /* ItemSoldViewController.swift in Sources */ = {isa = PBXBuildFile; fileRef = 9B895FEF2561C8BF00941DF7 /* ItemSoldViewController.swift */; };
		9B8EF9A0252C631C00791F6E /* AppDelegate.swift in Sources */ = {isa = PBXBuildFile; fileRef = 9B8EF99F252C631C00791F6E /* AppDelegate.swift */; };
		9B8EF9A2252C631C00791F6E /* SceneDelegate.swift in Sources */ = {isa = PBXBuildFile; fileRef = 9B8EF9A1252C631C00791F6E /* SceneDelegate.swift */; };
		9B8EF9A4252C631C00791F6E /* ViewController.swift in Sources */ = {isa = PBXBuildFile; fileRef = 9B8EF9A3252C631C00791F6E /* ViewController.swift */; };
		9B8EF9A7252C631C00791F6E /* Main.storyboard in Resources */ = {isa = PBXBuildFile; fileRef = 9B8EF9A5252C631C00791F6E /* Main.storyboard */; };
		9B8EF9A9252C631D00791F6E /* Assets.xcassets in Resources */ = {isa = PBXBuildFile; fileRef = 9B8EF9A8252C631D00791F6E /* Assets.xcassets */; };
		9B8EF9AC252C631D00791F6E /* LaunchScreen.storyboard in Resources */ = {isa = PBXBuildFile; fileRef = 9B8EF9AA252C631D00791F6E /* LaunchScreen.storyboard */; };
		9B8EF9B7252C631D00791F6E /* macroCHTests.swift in Sources */ = {isa = PBXBuildFile; fileRef = 9B8EF9B6252C631D00791F6E /* macroCHTests.swift */; };
		9B8EF9C2252C631D00791F6E /* macroCHUITests.swift in Sources */ = {isa = PBXBuildFile; fileRef = 9B8EF9C1252C631D00791F6E /* macroCHUITests.swift */; };
		9B982FE22561D11F009771B5 /* onboardingStoryboard.storyboard in Resources */ = {isa = PBXBuildFile; fileRef = 9B982FE12561D11F009771B5 /* onboardingStoryboard.storyboard */; };
		9BA492A12561C7E100F0B2B9 /* ItemKeptStoryboard.storyboard in Resources */ = {isa = PBXBuildFile; fileRef = 9BA4929B2561C7E100F0B2B9 /* ItemKeptStoryboard.storyboard */; };
		9BA492A22561C7E100F0B2B9 /* ItemKeptDetailViewController.swift in Sources */ = {isa = PBXBuildFile; fileRef = 9BA4929C2561C7E100F0B2B9 /* ItemKeptDetailViewController.swift */; };
		9BA492A32561C7E100F0B2B9 /* ItemKeptViewController.swift in Sources */ = {isa = PBXBuildFile; fileRef = 9BA4929D2561C7E100F0B2B9 /* ItemKeptViewController.swift */; };
		9BA492A42561C7E100F0B2B9 /* ItemKeptCollectionReusableView.swift in Sources */ = {isa = PBXBuildFile; fileRef = 9BA4929E2561C7E100F0B2B9 /* ItemKeptCollectionReusableView.swift */; };
		9BBA71C52561C73D00955D72 /* HomeScreenCollectionViewCell.swift in Sources */ = {isa = PBXBuildFile; fileRef = 9BBA71C02561C73D00955D72 /* HomeScreenCollectionViewCell.swift */; };
		9BBA71C62561C73D00955D72 /* HomeScreenViewController.swift in Sources */ = {isa = PBXBuildFile; fileRef = 9BBA71C12561C73D00955D72 /* HomeScreenViewController.swift */; };
		9BBA71C72561C73D00955D72 /* HomeScreenCollectionViewCell.xib in Resources */ = {isa = PBXBuildFile; fileRef = 9BBA71C32561C73D00955D72 /* HomeScreenCollectionViewCell.xib */; };
		9BBA71C82561C73D00955D72 /* HomeScreenStoryboard.storyboard in Resources */ = {isa = PBXBuildFile; fileRef = 9BBA71C42561C73D00955D72 /* HomeScreenStoryboard.storyboard */; };
		9BE2921F2561A13F00374784 /* lubangBajuDetector 1.mlmodel in Sources */ = {isa = PBXBuildFile; fileRef = 9BE2921E2561A13F00374784 /* lubangBajuDetector 1.mlmodel */; };
		9BFC76CA256589A100EC2A28 /* ItemCollectionViewCell.xib in Resources */ = {isa = PBXBuildFile; fileRef = 9BFC76C8256589A100EC2A28 /* ItemCollectionViewCell.xib */; };
		9BFC76CB256589A100EC2A28 /* ItemCollectionViewCell.swift in Sources */ = {isa = PBXBuildFile; fileRef = 9BFC76C9256589A100EC2A28 /* ItemCollectionViewCell.swift */; };
		9BFD3A472558245900A0A108 /* scan1Storyboard.storyboard in Resources */ = {isa = PBXBuildFile; fileRef = 9BFD3A462558245900A0A108 /* scan1Storyboard.storyboard */; };
		9BFD3A532558299200A0A108 /* scan1ViewController.swift in Sources */ = {isa = PBXBuildFile; fileRef = 9BFD3A522558299200A0A108 /* scan1ViewController.swift */; };
		9BFD3A5925582CDF00A0A108 /* scan2Storyboard.storyboard in Resources */ = {isa = PBXBuildFile; fileRef = 9BFD3A5825582CDF00A0A108 /* scan2Storyboard.storyboard */; };
		9BFD3A5E25582CF400A0A108 /* scan2ViewController.swift in Sources */ = {isa = PBXBuildFile; fileRef = 9BFD3A5D25582CF400A0A108 /* scan2ViewController.swift */; };
/* End PBXBuildFile section */

/* Begin PBXContainerItemProxy section */
		9B8EF9B3252C631D00791F6E /* PBXContainerItemProxy */ = {
			isa = PBXContainerItemProxy;
			containerPortal = 9B8EF994252C631C00791F6E /* Project object */;
			proxyType = 1;
			remoteGlobalIDString = 9B8EF99B252C631C00791F6E;
			remoteInfo = macroCH;
		};
		9B8EF9BE252C631D00791F6E /* PBXContainerItemProxy */ = {
			isa = PBXContainerItemProxy;
			containerPortal = 9B8EF994252C631C00791F6E /* Project object */;
			proxyType = 1;
			remoteGlobalIDString = 9B8EF99B252C631C00791F6E;
			remoteInfo = macroCH;
		};
/* End PBXContainerItemProxy section */

/* Begin PBXFileReference section */
		9B082B232561C9DB009A4E16 /* ItemDispose.storyboard */ = {isa = PBXFileReference; fileEncoding = 4; lastKnownFileType = file.storyboard; path = ItemDispose.storyboard; sourceTree = "<group>"; };
		9B082B242561C9DB009A4E16 /* ItemDisposeDetailViewController.swift */ = {isa = PBXFileReference; fileEncoding = 4; lastKnownFileType = sourcecode.swift; path = ItemDisposeDetailViewController.swift; sourceTree = "<group>"; };
		9B082B252561C9DB009A4E16 /* ItemDisposeViewController.swift */ = {isa = PBXFileReference; fileEncoding = 4; lastKnownFileType = sourcecode.swift; path = ItemDisposeViewController.swift; sourceTree = "<group>"; };
		9B0B23C92561CA4C008EF318 /* ItemDonate.storyboard */ = {isa = PBXFileReference; fileEncoding = 4; lastKnownFileType = file.storyboard; path = ItemDonate.storyboard; sourceTree = "<group>"; };
		9B0B23CA2561CA4C008EF318 /* ItemDonateViewController.swift */ = {isa = PBXFileReference; fileEncoding = 4; lastKnownFileType = sourcecode.swift; path = ItemDonateViewController.swift; sourceTree = "<group>"; };
		9B0B23CB2561CA4C008EF318 /* ItemDonateDetailViewController.swift */ = {isa = PBXFileReference; fileEncoding = 4; lastKnownFileType = sourcecode.swift; path = ItemDonateDetailViewController.swift; sourceTree = "<group>"; };
		9B1429272542D92100B25012 /* model.swift */ = {isa = PBXFileReference; lastKnownFileType = sourcecode.swift; path = model.swift; sourceTree = "<group>"; };
		9B6B03532561C6B6006ABDF6 /* ConfirmationOnboardingView.xib */ = {isa = PBXFileReference; fileEncoding = 4; lastKnownFileType = file.xib; path = ConfirmationOnboardingView.xib; sourceTree = "<group>"; };
		9B6B03542561C6B6006ABDF6 /* ActionOnboardingView.xib */ = {isa = PBXFileReference; fileEncoding = 4; lastKnownFileType = file.xib; path = ActionOnboardingView.xib; sourceTree = "<group>"; };
		9B6B03552561C6B6006ABDF6 /* OnboardingHomeView.xib */ = {isa = PBXFileReference; fileEncoding = 4; lastKnownFileType = file.xib; path = OnboardingHomeView.xib; sourceTree = "<group>"; };
		9B6B03562561C6B6006ABDF6 /* CameraOnboardingView.xib */ = {isa = PBXFileReference; fileEncoding = 4; lastKnownFileType = file.xib; path = CameraOnboardingView.xib; sourceTree = "<group>"; };
		9B6B03572561C6B6006ABDF6 /* RecommendOnboardingView.xib */ = {isa = PBXFileReference; fileEncoding = 4; lastKnownFileType = file.xib; path = RecommendOnboardingView.xib; sourceTree = "<group>"; };
		9B6B03582561C6B6006ABDF6 /* ScanOnboardingView.xib */ = {isa = PBXFileReference; fileEncoding = 4; lastKnownFileType = file.xib; path = ScanOnboardingView.xib; sourceTree = "<group>"; };
		9B6B03642561C6C2006ABDF6 /* OnboardingViewController.swift */ = {isa = PBXFileReference; fileEncoding = 4; lastKnownFileType = sourcecode.swift; path = OnboardingViewController.swift; sourceTree = "<group>"; };
		9B895FED2561C8BF00941DF7 /* ItemSold.storyboard */ = {isa = PBXFileReference; fileEncoding = 4; lastKnownFileType = file.storyboard; path = ItemSold.storyboard; sourceTree = "<group>"; };
		9B895FEE2561C8BF00941DF7 /* ItemSoldDetailViewController.swift */ = {isa = PBXFileReference; fileEncoding = 4; lastKnownFileType = sourcecode.swift; path = ItemSoldDetailViewController.swift; sourceTree = "<group>"; };
		9B895FEF2561C8BF00941DF7 /* ItemSoldViewController.swift */ = {isa = PBXFileReference; fileEncoding = 4; lastKnownFileType = sourcecode.swift; path = ItemSoldViewController.swift; sourceTree = "<group>"; };
		9B8EF99C252C631C00791F6E /* macroCH.app */ = {isa = PBXFileReference; explicitFileType = wrapper.application; includeInIndex = 0; path = macroCH.app; sourceTree = BUILT_PRODUCTS_DIR; };
		9B8EF99F252C631C00791F6E /* AppDelegate.swift */ = {isa = PBXFileReference; lastKnownFileType = sourcecode.swift; path = AppDelegate.swift; sourceTree = "<group>"; };
		9B8EF9A1252C631C00791F6E /* SceneDelegate.swift */ = {isa = PBXFileReference; lastKnownFileType = sourcecode.swift; path = SceneDelegate.swift; sourceTree = "<group>"; };
		9B8EF9A3252C631C00791F6E /* ViewController.swift */ = {isa = PBXFileReference; lastKnownFileType = sourcecode.swift; path = ViewController.swift; sourceTree = "<group>"; };
		9B8EF9A6252C631C00791F6E /* Base */ = {isa = PBXFileReference; lastKnownFileType = file.storyboard; name = Base; path = Base.lproj/Main.storyboard; sourceTree = "<group>"; };
		9B8EF9A8252C631D00791F6E /* Assets.xcassets */ = {isa = PBXFileReference; lastKnownFileType = folder.assetcatalog; path = Assets.xcassets; sourceTree = "<group>"; };
		9B8EF9AB252C631D00791F6E /* Base */ = {isa = PBXFileReference; lastKnownFileType = file.storyboard; name = Base; path = Base.lproj/LaunchScreen.storyboard; sourceTree = "<group>"; };
		9B8EF9AD252C631D00791F6E /* Info.plist */ = {isa = PBXFileReference; lastKnownFileType = text.plist.xml; path = Info.plist; sourceTree = "<group>"; };
		9B8EF9B2252C631D00791F6E /* macroCHTests.xctest */ = {isa = PBXFileReference; explicitFileType = wrapper.cfbundle; includeInIndex = 0; path = macroCHTests.xctest; sourceTree = BUILT_PRODUCTS_DIR; };
		9B8EF9B6252C631D00791F6E /* macroCHTests.swift */ = {isa = PBXFileReference; lastKnownFileType = sourcecode.swift; path = macroCHTests.swift; sourceTree = "<group>"; };
		9B8EF9B8252C631D00791F6E /* Info.plist */ = {isa = PBXFileReference; lastKnownFileType = text.plist.xml; path = Info.plist; sourceTree = "<group>"; };
		9B8EF9BD252C631D00791F6E /* macroCHUITests.xctest */ = {isa = PBXFileReference; explicitFileType = wrapper.cfbundle; includeInIndex = 0; path = macroCHUITests.xctest; sourceTree = BUILT_PRODUCTS_DIR; };
		9B8EF9C1252C631D00791F6E /* macroCHUITests.swift */ = {isa = PBXFileReference; lastKnownFileType = sourcecode.swift; path = macroCHUITests.swift; sourceTree = "<group>"; };
		9B8EF9C3252C631D00791F6E /* Info.plist */ = {isa = PBXFileReference; lastKnownFileType = text.plist.xml; path = Info.plist; sourceTree = "<group>"; };
		9B982FE12561D11F009771B5 /* onboardingStoryboard.storyboard */ = {isa = PBXFileReference; lastKnownFileType = file.storyboard; path = onboardingStoryboard.storyboard; sourceTree = "<group>"; };
		9BA4929B2561C7E100F0B2B9 /* ItemKeptStoryboard.storyboard */ = {isa = PBXFileReference; fileEncoding = 4; lastKnownFileType = file.storyboard; path = ItemKeptStoryboard.storyboard; sourceTree = "<group>"; };
		9BA4929C2561C7E100F0B2B9 /* ItemKeptDetailViewController.swift */ = {isa = PBXFileReference; fileEncoding = 4; lastKnownFileType = sourcecode.swift; path = ItemKeptDetailViewController.swift; sourceTree = "<group>"; };
		9BA4929D2561C7E100F0B2B9 /* ItemKeptViewController.swift */ = {isa = PBXFileReference; fileEncoding = 4; lastKnownFileType = sourcecode.swift; path = ItemKeptViewController.swift; sourceTree = "<group>"; };
		9BA4929E2561C7E100F0B2B9 /* ItemKeptCollectionReusableView.swift */ = {isa = PBXFileReference; fileEncoding = 4; lastKnownFileType = sourcecode.swift; path = ItemKeptCollectionReusableView.swift; sourceTree = "<group>"; };
		9BBA71C02561C73D00955D72 /* HomeScreenCollectionViewCell.swift */ = {isa = PBXFileReference; fileEncoding = 4; lastKnownFileType = sourcecode.swift; path = HomeScreenCollectionViewCell.swift; sourceTree = "<group>"; };
		9BBA71C12561C73D00955D72 /* HomeScreenViewController.swift */ = {isa = PBXFileReference; fileEncoding = 4; lastKnownFileType = sourcecode.swift; path = HomeScreenViewController.swift; sourceTree = "<group>"; };
		9BBA71C32561C73D00955D72 /* HomeScreenCollectionViewCell.xib */ = {isa = PBXFileReference; fileEncoding = 4; lastKnownFileType = file.xib; path = HomeScreenCollectionViewCell.xib; sourceTree = "<group>"; };
		9BBA71C42561C73D00955D72 /* HomeScreenStoryboard.storyboard */ = {isa = PBXFileReference; fileEncoding = 4; lastKnownFileType = file.storyboard; path = HomeScreenStoryboard.storyboard; sourceTree = "<group>"; };
		9BE2921E2561A13F00374784 /* lubangBajuDetector 1.mlmodel */ = {isa = PBXFileReference; lastKnownFileType = file.mlmodel; name = "lubangBajuDetector 1.mlmodel"; path = "../lubangBajuDetector 1.mlmodel"; sourceTree = "<group>"; };
		9BFC76C8256589A100EC2A28 /* ItemCollectionViewCell.xib */ = {isa = PBXFileReference; fileEncoding = 4; lastKnownFileType = file.xib; path = ItemCollectionViewCell.xib; sourceTree = "<group>"; };
		9BFC76C9256589A100EC2A28 /* ItemCollectionViewCell.swift */ = {isa = PBXFileReference; fileEncoding = 4; lastKnownFileType = sourcecode.swift; path = ItemCollectionViewCell.swift; sourceTree = "<group>"; };
		9BFD3A462558245900A0A108 /* scan1Storyboard.storyboard */ = {isa = PBXFileReference; lastKnownFileType = file.storyboard; path = scan1Storyboard.storyboard; sourceTree = "<group>"; };
		9BFD3A522558299200A0A108 /* scan1ViewController.swift */ = {isa = PBXFileReference; lastKnownFileType = sourcecode.swift; path = scan1ViewController.swift; sourceTree = "<group>"; };
		9BFD3A5825582CDF00A0A108 /* scan2Storyboard.storyboard */ = {isa = PBXFileReference; lastKnownFileType = file.storyboard; path = scan2Storyboard.storyboard; sourceTree = "<group>"; };
		9BFD3A5D25582CF400A0A108 /* scan2ViewController.swift */ = {isa = PBXFileReference; lastKnownFileType = sourcecode.swift; path = scan2ViewController.swift; sourceTree = "<group>"; };
/* End PBXFileReference section */

/* Begin PBXFrameworksBuildPhase section */
		9B8EF999252C631C00791F6E /* Frameworks */ = {
			isa = PBXFrameworksBuildPhase;
			buildActionMask = 2147483647;
			files = (
			);
			runOnlyForDeploymentPostprocessing = 0;
		};
		9B8EF9AF252C631D00791F6E /* Frameworks */ = {
			isa = PBXFrameworksBuildPhase;
			buildActionMask = 2147483647;
			files = (
			);
			runOnlyForDeploymentPostprocessing = 0;
		};
		9B8EF9BA252C631D00791F6E /* Frameworks */ = {
			isa = PBXFrameworksBuildPhase;
			buildActionMask = 2147483647;
			files = (
			);
			runOnlyForDeploymentPostprocessing = 0;
		};
/* End PBXFrameworksBuildPhase section */

/* Begin PBXGroup section */
		9B082B222561C9DB009A4E16 /* Item Disposed */ = {
			isa = PBXGroup;
			children = (
				9B082B232561C9DB009A4E16 /* ItemDispose.storyboard */,
				9B082B242561C9DB009A4E16 /* ItemDisposeDetailViewController.swift */,
				9B082B252561C9DB009A4E16 /* ItemDisposeViewController.swift */,
				9BFC76C9256589A100EC2A28 /* ItemCollectionViewCell.swift */,
				9BFC76C8256589A100EC2A28 /* ItemCollectionViewCell.xib */,
			);
			path = "Item Disposed";
			sourceTree = "<group>";
		};
		9B0B23C82561CA4C008EF318 /* Item Donated */ = {
			isa = PBXGroup;
			children = (
				9B0B23C92561CA4C008EF318 /* ItemDonate.storyboard */,
				9B0B23CA2561CA4C008EF318 /* ItemDonateViewController.swift */,
				9B0B23CB2561CA4C008EF318 /* ItemDonateDetailViewController.swift */,
			);
			path = "Item Donated";
			sourceTree = "<group>";
		};
		9B1AFC692542E37200914394 /* Controller */ = {
			isa = PBXGroup;
			children = (
				9B8EF9A3252C631C00791F6E /* ViewController.swift */,
			);
			path = Controller;
			sourceTree = "<group>";
		};
		9B1AFC6A2542E37700914394 /* View */ = {
			isa = PBXGroup;
			children = (
				9B8EF9A5252C631C00791F6E /* Main.storyboard */,
			);
			name = View;
			path = ..;
			sourceTree = "<group>";
		};
		9B1AFC6B2542E37C00914394 /* Model */ = {
			isa = PBXGroup;
			children = (
				9B1429272542D92100B25012 /* model.swift */,
			);
			path = Model;
			sourceTree = "<group>";
		};
		9B25A06D2553222A0079616A /* MVC */ = {
			isa = PBXGroup;
			children = (
				9B1AFC6B2542E37C00914394 /* Model */,
				9B1AFC6A2542E37700914394 /* View */,
				9B1AFC692542E37200914394 /* Controller */,
			);
			path = MVC;
			sourceTree = "<group>";
		};
		9B6B03512561C6B6006ABDF6 /* Tutorial */ = {
			isa = PBXGroup;
			children = (
				9B6B03522561C6B6006ABDF6 /* View */,
			);
			path = Tutorial;
			sourceTree = "<group>";
		};
		9B6B03522561C6B6006ABDF6 /* View */ = {
			isa = PBXGroup;
			children = (
				9B6B03532561C6B6006ABDF6 /* ConfirmationOnboardingView.xib */,
				9B6B03542561C6B6006ABDF6 /* ActionOnboardingView.xib */,
				9B6B03552561C6B6006ABDF6 /* OnboardingHomeView.xib */,
				9B6B03562561C6B6006ABDF6 /* CameraOnboardingView.xib */,
				9B6B03572561C6B6006ABDF6 /* RecommendOnboardingView.xib */,
				9B6B03582561C6B6006ABDF6 /* ScanOnboardingView.xib */,
			);
			path = View;
			sourceTree = "<group>";
		};
		9B6B03622561C6C2006ABDF6 /* Onboarding */ = {
			isa = PBXGroup;
			children = (
				9B6B03632561C6C2006ABDF6 /* Controller */,
				9B6B03652561C6C2006ABDF6 /* View */,
			);
			path = Onboarding;
			sourceTree = "<group>";
		};
		9B6B03632561C6C2006ABDF6 /* Controller */ = {
			isa = PBXGroup;
			children = (
				9B6B03642561C6C2006ABDF6 /* OnboardingViewController.swift */,
			);
			path = Controller;
			sourceTree = "<group>";
		};
		9B6B03652561C6C2006ABDF6 /* View */ = {
			isa = PBXGroup;
			children = (
				9B982FE12561D11F009771B5 /* onboardingStoryboard.storyboard */,
			);
			path = View;
			sourceTree = "<group>";
		};
		9B895FEC2561C8BF00941DF7 /* Item Sold */ = {
			isa = PBXGroup;
			children = (
				9B895FED2561C8BF00941DF7 /* ItemSold.storyboard */,
				9B895FEE2561C8BF00941DF7 /* ItemSoldDetailViewController.swift */,
				9B895FEF2561C8BF00941DF7 /* ItemSoldViewController.swift */,
			);
			path = "Item Sold";
			sourceTree = "<group>";
		};
		9B8EF993252C631C00791F6E = {
			isa = PBXGroup;
			children = (
				9BE2921E2561A13F00374784 /* lubangBajuDetector 1.mlmodel */,
				9B8EF99E252C631C00791F6E /* macroCH */,
				9B8EF9B5252C631D00791F6E /* macroCHTests */,
				9B8EF9C0252C631D00791F6E /* macroCHUITests */,
				9B8EF99D252C631C00791F6E /* Products */,
			);
			sourceTree = "<group>";
		};
		9B8EF99D252C631C00791F6E /* Products */ = {
			isa = PBXGroup;
			children = (
				9B8EF99C252C631C00791F6E /* macroCH.app */,
				9B8EF9B2252C631D00791F6E /* macroCHTests.xctest */,
				9B8EF9BD252C631D00791F6E /* macroCHUITests.xctest */,
			);
			name = Products;
			sourceTree = "<group>";
		};
		9B8EF99E252C631C00791F6E /* macroCH */ = {
			isa = PBXGroup;
			children = (
				9B6B03622561C6C2006ABDF6 /* Onboarding */,
				9B6B03512561C6B6006ABDF6 /* Tutorial */,
				9BBA71BE2561C73D00955D72 /* Home Screen */,
				9BFD3A3D2558243500A0A108 /* Scan */,
				9BA492982561C7E100F0B2B9 /* ItemKept */,
				9B895FEC2561C8BF00941DF7 /* Item Sold */,
				9B082B222561C9DB009A4E16 /* Item Disposed */,
				9B0B23C82561CA4C008EF318 /* Item Donated */,
				9B25A06D2553222A0079616A /* MVC */,
				9B8EF99F252C631C00791F6E /* AppDelegate.swift */,
				9B8EF9A1252C631C00791F6E /* SceneDelegate.swift */,
				9B8EF9A8252C631D00791F6E /* Assets.xcassets */,
				9B8EF9AA252C631D00791F6E /* LaunchScreen.storyboard */,
				9B8EF9AD252C631D00791F6E /* Info.plist */,
			);
			path = macroCH;
			sourceTree = "<group>";
		};
		9B8EF9B5252C631D00791F6E /* macroCHTests */ = {
			isa = PBXGroup;
			children = (
				9B8EF9B6252C631D00791F6E /* macroCHTests.swift */,
				9B8EF9B8252C631D00791F6E /* Info.plist */,
			);
			path = macroCHTests;
			sourceTree = "<group>";
		};
		9B8EF9C0252C631D00791F6E /* macroCHUITests */ = {
			isa = PBXGroup;
			children = (
				9B8EF9C1252C631D00791F6E /* macroCHUITests.swift */,
				9B8EF9C3252C631D00791F6E /* Info.plist */,
			);
			path = macroCHUITests;
			sourceTree = "<group>";
		};
		9BA492982561C7E100F0B2B9 /* ItemKept */ = {
			isa = PBXGroup;
			children = (
				9BA4929B2561C7E100F0B2B9 /* ItemKeptStoryboard.storyboard */,
				9BA4929C2561C7E100F0B2B9 /* ItemKeptDetailViewController.swift */,
				9BA4929D2561C7E100F0B2B9 /* ItemKeptViewController.swift */,
				9BA4929E2561C7E100F0B2B9 /* ItemKeptCollectionReusableView.swift */,
			);
			path = ItemKept;
			sourceTree = "<group>";
		};
		9BBA71BE2561C73D00955D72 /* Home Screen */ = {
			isa = PBXGroup;
			children = (
				9BBA71BF2561C73D00955D72 /* Controller */,
				9BBA71C22561C73D00955D72 /* View */,
			);
			path = "Home Screen";
			sourceTree = "<group>";
		};
		9BBA71BF2561C73D00955D72 /* Controller */ = {
			isa = PBXGroup;
			children = (
				9BBA71C02561C73D00955D72 /* HomeScreenCollectionViewCell.swift */,
				9BBA71C12561C73D00955D72 /* HomeScreenViewController.swift */,
			);
			path = Controller;
			sourceTree = "<group>";
		};
		9BBA71C22561C73D00955D72 /* View */ = {
			isa = PBXGroup;
			children = (
				9BBA71C32561C73D00955D72 /* HomeScreenCollectionViewCell.xib */,
				9BBA71C42561C73D00955D72 /* HomeScreenStoryboard.storyboard */,
			);
			path = View;
			sourceTree = "<group>";
		};
		9BFD3A3D2558243500A0A108 /* Scan */ = {
			isa = PBXGroup;
			children = (
				9BFD3A4B255828A700A0A108 /* Screen Scan 1 */,
				9BFD3A5725582CC400A0A108 /* Screen Scan 2 */,
			);
			path = Scan;
			sourceTree = "<group>";
		};
		9BFD3A4B255828A700A0A108 /* Screen Scan 1 */ = {
			isa = PBXGroup;
			children = (
				9BFD3A462558245900A0A108 /* scan1Storyboard.storyboard */,
				9BFD3A522558299200A0A108 /* scan1ViewController.swift */,
			);
			path = "Screen Scan 1";
			sourceTree = "<group>";
		};
		9BFD3A5725582CC400A0A108 /* Screen Scan 2 */ = {
			isa = PBXGroup;
			children = (
				9BFD3A5825582CDF00A0A108 /* scan2Storyboard.storyboard */,
				9BFD3A5D25582CF400A0A108 /* scan2ViewController.swift */,
			);
			path = "Screen Scan 2";
			sourceTree = "<group>";
		};
/* End PBXGroup section */

/* Begin PBXNativeTarget section */
		9B8EF99B252C631C00791F6E /* macroCH */ = {
			isa = PBXNativeTarget;
			buildConfigurationList = 9B8EF9C6252C631D00791F6E /* Build configuration list for PBXNativeTarget "macroCH" */;
			buildPhases = (
				9B8EF998252C631C00791F6E /* Sources */,
				9B8EF999252C631C00791F6E /* Frameworks */,
				9B8EF99A252C631C00791F6E /* Resources */,
			);
			buildRules = (
			);
			dependencies = (
			);
			name = macroCH;
			productName = macroCH;
			productReference = 9B8EF99C252C631C00791F6E /* macroCH.app */;
			productType = "com.apple.product-type.application";
		};
		9B8EF9B1252C631D00791F6E /* macroCHTests */ = {
			isa = PBXNativeTarget;
			buildConfigurationList = 9B8EF9C9252C631D00791F6E /* Build configuration list for PBXNativeTarget "macroCHTests" */;
			buildPhases = (
				9B8EF9AE252C631D00791F6E /* Sources */,
				9B8EF9AF252C631D00791F6E /* Frameworks */,
				9B8EF9B0252C631D00791F6E /* Resources */,
			);
			buildRules = (
			);
			dependencies = (
				9B8EF9B4252C631D00791F6E /* PBXTargetDependency */,
			);
			name = macroCHTests;
			productName = macroCHTests;
			productReference = 9B8EF9B2252C631D00791F6E /* macroCHTests.xctest */;
			productType = "com.apple.product-type.bundle.unit-test";
		};
		9B8EF9BC252C631D00791F6E /* macroCHUITests */ = {
			isa = PBXNativeTarget;
			buildConfigurationList = 9B8EF9CC252C631D00791F6E /* Build configuration list for PBXNativeTarget "macroCHUITests" */;
			buildPhases = (
				9B8EF9B9252C631D00791F6E /* Sources */,
				9B8EF9BA252C631D00791F6E /* Frameworks */,
				9B8EF9BB252C631D00791F6E /* Resources */,
			);
			buildRules = (
			);
			dependencies = (
				9B8EF9BF252C631D00791F6E /* PBXTargetDependency */,
			);
			name = macroCHUITests;
			productName = macroCHUITests;
			productReference = 9B8EF9BD252C631D00791F6E /* macroCHUITests.xctest */;
			productType = "com.apple.product-type.bundle.ui-testing";
		};
/* End PBXNativeTarget section */

/* Begin PBXProject section */
		9B8EF994252C631C00791F6E /* Project object */ = {
			isa = PBXProject;
			attributes = {
				LastSwiftUpdateCheck = 1200;
				LastUpgradeCheck = 1200;
				TargetAttributes = {
					9B8EF99B252C631C00791F6E = {
						CreatedOnToolsVersion = 12.0.1;
					};
					9B8EF9B1252C631D00791F6E = {
						CreatedOnToolsVersion = 12.0.1;
						TestTargetID = 9B8EF99B252C631C00791F6E;
					};
					9B8EF9BC252C631D00791F6E = {
						CreatedOnToolsVersion = 12.0.1;
						TestTargetID = 9B8EF99B252C631C00791F6E;
					};
				};
			};
			buildConfigurationList = 9B8EF997252C631C00791F6E /* Build configuration list for PBXProject "macroCH" */;
			compatibilityVersion = "Xcode 9.3";
			developmentRegion = en;
			hasScannedForEncodings = 0;
			knownRegions = (
				en,
				Base,
			);
			mainGroup = 9B8EF993252C631C00791F6E;
			productRefGroup = 9B8EF99D252C631C00791F6E /* Products */;
			projectDirPath = "";
			projectRoot = "";
			targets = (
				9B8EF99B252C631C00791F6E /* macroCH */,
				9B8EF9B1252C631D00791F6E /* macroCHTests */,
				9B8EF9BC252C631D00791F6E /* macroCHUITests */,
			);
		};
/* End PBXProject section */

/* Begin PBXResourcesBuildPhase section */
		9B8EF99A252C631C00791F6E /* Resources */ = {
			isa = PBXResourcesBuildPhase;
			buildActionMask = 2147483647;
			files = (
				9BA492A12561C7E100F0B2B9 /* ItemKeptStoryboard.storyboard in Resources */,
				9B0B23CC2561CA4C008EF318 /* ItemDonate.storyboard in Resources */,
				9B6B035E2561C6B6006ABDF6 /* ScanOnboardingView.xib in Resources */,
				9BFD3A5925582CDF00A0A108 /* scan2Storyboard.storyboard in Resources */,
				9BBA71C72561C73D00955D72 /* HomeScreenCollectionViewCell.xib in Resources */,
				9B6B035A2561C6B6006ABDF6 /* ActionOnboardingView.xib in Resources */,
				9B8EF9AC252C631D00791F6E /* LaunchScreen.storyboard in Resources */,
				9B895FF02561C8BF00941DF7 /* ItemSold.storyboard in Resources */,
				9B6B03592561C6B6006ABDF6 /* ConfirmationOnboardingView.xib in Resources */,
				9B6B035D2561C6B6006ABDF6 /* RecommendOnboardingView.xib in Resources */,
				9B8EF9A9252C631D00791F6E /* Assets.xcassets in Resources */,
				9B082B2E2561C9DB009A4E16 /* ItemDispose.storyboard in Resources */,
				9BFD3A472558245900A0A108 /* scan1Storyboard.storyboard in Resources */,
				9B6B035C2561C6B6006ABDF6 /* CameraOnboardingView.xib in Resources */,
				9BFC76CA256589A100EC2A28 /* ItemCollectionViewCell.xib in Resources */,
				9BBA71C82561C73D00955D72 /* HomeScreenStoryboard.storyboard in Resources */,
				9B6B035B2561C6B6006ABDF6 /* OnboardingHomeView.xib in Resources */,
				9B982FE22561D11F009771B5 /* onboardingStoryboard.storyboard in Resources */,
				9B8EF9A7252C631C00791F6E /* Main.storyboard in Resources */,
			);
			runOnlyForDeploymentPostprocessing = 0;
		};
		9B8EF9B0252C631D00791F6E /* Resources */ = {
			isa = PBXResourcesBuildPhase;
			buildActionMask = 2147483647;
			files = (
			);
			runOnlyForDeploymentPostprocessing = 0;
		};
		9B8EF9BB252C631D00791F6E /* Resources */ = {
			isa = PBXResourcesBuildPhase;
			buildActionMask = 2147483647;
			files = (
			);
			runOnlyForDeploymentPostprocessing = 0;
		};
/* End PBXResourcesBuildPhase section */

/* Begin PBXSourcesBuildPhase section */
		9B8EF998252C631C00791F6E /* Sources */ = {
			isa = PBXSourcesBuildPhase;
			buildActionMask = 2147483647;
			files = (
				9BE2921F2561A13F00374784 /* lubangBajuDetector 1.mlmodel in Sources */,
				9B0B23CD2561CA4C008EF318 /* ItemDonateViewController.swift in Sources */,
				9BA492A32561C7E100F0B2B9 /* ItemKeptViewController.swift in Sources */,
				9BFD3A5E25582CF400A0A108 /* scan2ViewController.swift in Sources */,
				9B895FF22561C8BF00941DF7 /* ItemSoldViewController.swift in Sources */,
				9BFC76CB256589A100EC2A28 /* ItemCollectionViewCell.swift in Sources */,
				9B1429282542D92100B25012 /* model.swift in Sources */,
				9B0B23CE2561CA4C008EF318 /* ItemDonateDetailViewController.swift in Sources */,
				9B8EF9A4252C631C00791F6E /* ViewController.swift in Sources */,
				9B082B2F2561C9DB009A4E16 /* ItemDisposeDetailViewController.swift in Sources */,
				9BBA71C62561C73D00955D72 /* HomeScreenViewController.swift in Sources */,
				9BFD3A532558299200A0A108 /* scan1ViewController.swift in Sources */,
				9B8EF9A0252C631C00791F6E /* AppDelegate.swift in Sources */,
				9BA492A22561C7E100F0B2B9 /* ItemKeptDetailViewController.swift in Sources */,
				9B082B302561C9DB009A4E16 /* ItemDisposeViewController.swift in Sources */,
				9B6B03682561C6C2006ABDF6 /* OnboardingViewController.swift in Sources */,
				9BA492A42561C7E100F0B2B9 /* ItemKeptCollectionReusableView.swift in Sources */,
				9B8EF9A2252C631C00791F6E /* SceneDelegate.swift in Sources */,
				9BBA71C52561C73D00955D72 /* HomeScreenCollectionViewCell.swift in Sources */,
				9B895FF12561C8BF00941DF7 /* ItemSoldDetailViewController.swift in Sources */,
			);
			runOnlyForDeploymentPostprocessing = 0;
		};
		9B8EF9AE252C631D00791F6E /* Sources */ = {
			isa = PBXSourcesBuildPhase;
			buildActionMask = 2147483647;
			files = (
				9B8EF9B7252C631D00791F6E /* macroCHTests.swift in Sources */,
			);
			runOnlyForDeploymentPostprocessing = 0;
		};
		9B8EF9B9252C631D00791F6E /* Sources */ = {
			isa = PBXSourcesBuildPhase;
			buildActionMask = 2147483647;
			files = (
				9B8EF9C2252C631D00791F6E /* macroCHUITests.swift in Sources */,
			);
			runOnlyForDeploymentPostprocessing = 0;
		};
/* End PBXSourcesBuildPhase section */

/* Begin PBXTargetDependency section */
		9B8EF9B4252C631D00791F6E /* PBXTargetDependency */ = {
			isa = PBXTargetDependency;
			target = 9B8EF99B252C631C00791F6E /* macroCH */;
			targetProxy = 9B8EF9B3252C631D00791F6E /* PBXContainerItemProxy */;
		};
		9B8EF9BF252C631D00791F6E /* PBXTargetDependency */ = {
			isa = PBXTargetDependency;
			target = 9B8EF99B252C631C00791F6E /* macroCH */;
			targetProxy = 9B8EF9BE252C631D00791F6E /* PBXContainerItemProxy */;
		};
/* End PBXTargetDependency section */

/* Begin PBXVariantGroup section */
		9B8EF9A5252C631C00791F6E /* Main.storyboard */ = {
			isa = PBXVariantGroup;
			children = (
				9B8EF9A6252C631C00791F6E /* Base */,
			);
			name = Main.storyboard;
			sourceTree = "<group>";
		};
		9B8EF9AA252C631D00791F6E /* LaunchScreen.storyboard */ = {
			isa = PBXVariantGroup;
			children = (
				9B8EF9AB252C631D00791F6E /* Base */,
			);
			name = LaunchScreen.storyboard;
			sourceTree = "<group>";
		};
/* End PBXVariantGroup section */

/* Begin XCBuildConfiguration section */
		9B8EF9C4252C631D00791F6E /* Debug */ = {
			isa = XCBuildConfiguration;
			buildSettings = {
				ALWAYS_SEARCH_USER_PATHS = NO;
				CLANG_ANALYZER_NONNULL = YES;
				CLANG_ANALYZER_NUMBER_OBJECT_CONVERSION = YES_AGGRESSIVE;
				CLANG_CXX_LANGUAGE_STANDARD = "gnu++14";
				CLANG_CXX_LIBRARY = "libc++";
				CLANG_ENABLE_MODULES = YES;
				CLANG_ENABLE_OBJC_ARC = YES;
				CLANG_ENABLE_OBJC_WEAK = YES;
				CLANG_WARN_BLOCK_CAPTURE_AUTORELEASING = YES;
				CLANG_WARN_BOOL_CONVERSION = YES;
				CLANG_WARN_COMMA = YES;
				CLANG_WARN_CONSTANT_CONVERSION = YES;
				CLANG_WARN_DEPRECATED_OBJC_IMPLEMENTATIONS = YES;
				CLANG_WARN_DIRECT_OBJC_ISA_USAGE = YES_ERROR;
				CLANG_WARN_DOCUMENTATION_COMMENTS = YES;
				CLANG_WARN_EMPTY_BODY = YES;
				CLANG_WARN_ENUM_CONVERSION = YES;
				CLANG_WARN_INFINITE_RECURSION = YES;
				CLANG_WARN_INT_CONVERSION = YES;
				CLANG_WARN_NON_LITERAL_NULL_CONVERSION = YES;
				CLANG_WARN_OBJC_IMPLICIT_RETAIN_SELF = YES;
				CLANG_WARN_OBJC_LITERAL_CONVERSION = YES;
				CLANG_WARN_OBJC_ROOT_CLASS = YES_ERROR;
				CLANG_WARN_QUOTED_INCLUDE_IN_FRAMEWORK_HEADER = YES;
				CLANG_WARN_RANGE_LOOP_ANALYSIS = YES;
				CLANG_WARN_STRICT_PROTOTYPES = YES;
				CLANG_WARN_SUSPICIOUS_MOVE = YES;
				CLANG_WARN_UNGUARDED_AVAILABILITY = YES_AGGRESSIVE;
				CLANG_WARN_UNREACHABLE_CODE = YES;
				CLANG_WARN__DUPLICATE_METHOD_MATCH = YES;
				COPY_PHASE_STRIP = NO;
				DEBUG_INFORMATION_FORMAT = dwarf;
				ENABLE_STRICT_OBJC_MSGSEND = YES;
				ENABLE_TESTABILITY = YES;
				GCC_C_LANGUAGE_STANDARD = gnu11;
				GCC_DYNAMIC_NO_PIC = NO;
				GCC_NO_COMMON_BLOCKS = YES;
				GCC_OPTIMIZATION_LEVEL = 0;
				GCC_PREPROCESSOR_DEFINITIONS = (
					"DEBUG=1",
					"$(inherited)",
				);
				GCC_WARN_64_TO_32_BIT_CONVERSION = YES;
				GCC_WARN_ABOUT_RETURN_TYPE = YES_ERROR;
				GCC_WARN_UNDECLARED_SELECTOR = YES;
				GCC_WARN_UNINITIALIZED_AUTOS = YES_AGGRESSIVE;
				GCC_WARN_UNUSED_FUNCTION = YES;
				GCC_WARN_UNUSED_VARIABLE = YES;
				IPHONEOS_DEPLOYMENT_TARGET = 14.0;
				MTL_ENABLE_DEBUG_INFO = INCLUDE_SOURCE;
				MTL_FAST_MATH = YES;
				ONLY_ACTIVE_ARCH = YES;
				SDKROOT = iphoneos;
				SWIFT_ACTIVE_COMPILATION_CONDITIONS = DEBUG;
				SWIFT_OPTIMIZATION_LEVEL = "-Onone";
			};
			name = Debug;
		};
		9B8EF9C5252C631D00791F6E /* Release */ = {
			isa = XCBuildConfiguration;
			buildSettings = {
				ALWAYS_SEARCH_USER_PATHS = NO;
				CLANG_ANALYZER_NONNULL = YES;
				CLANG_ANALYZER_NUMBER_OBJECT_CONVERSION = YES_AGGRESSIVE;
				CLANG_CXX_LANGUAGE_STANDARD = "gnu++14";
				CLANG_CXX_LIBRARY = "libc++";
				CLANG_ENABLE_MODULES = YES;
				CLANG_ENABLE_OBJC_ARC = YES;
				CLANG_ENABLE_OBJC_WEAK = YES;
				CLANG_WARN_BLOCK_CAPTURE_AUTORELEASING = YES;
				CLANG_WARN_BOOL_CONVERSION = YES;
				CLANG_WARN_COMMA = YES;
				CLANG_WARN_CONSTANT_CONVERSION = YES;
				CLANG_WARN_DEPRECATED_OBJC_IMPLEMENTATIONS = YES;
				CLANG_WARN_DIRECT_OBJC_ISA_USAGE = YES_ERROR;
				CLANG_WARN_DOCUMENTATION_COMMENTS = YES;
				CLANG_WARN_EMPTY_BODY = YES;
				CLANG_WARN_ENUM_CONVERSION = YES;
				CLANG_WARN_INFINITE_RECURSION = YES;
				CLANG_WARN_INT_CONVERSION = YES;
				CLANG_WARN_NON_LITERAL_NULL_CONVERSION = YES;
				CLANG_WARN_OBJC_IMPLICIT_RETAIN_SELF = YES;
				CLANG_WARN_OBJC_LITERAL_CONVERSION = YES;
				CLANG_WARN_OBJC_ROOT_CLASS = YES_ERROR;
				CLANG_WARN_QUOTED_INCLUDE_IN_FRAMEWORK_HEADER = YES;
				CLANG_WARN_RANGE_LOOP_ANALYSIS = YES;
				CLANG_WARN_STRICT_PROTOTYPES = YES;
				CLANG_WARN_SUSPICIOUS_MOVE = YES;
				CLANG_WARN_UNGUARDED_AVAILABILITY = YES_AGGRESSIVE;
				CLANG_WARN_UNREACHABLE_CODE = YES;
				CLANG_WARN__DUPLICATE_METHOD_MATCH = YES;
				COPY_PHASE_STRIP = NO;
				DEBUG_INFORMATION_FORMAT = "dwarf-with-dsym";
				ENABLE_NS_ASSERTIONS = NO;
				ENABLE_STRICT_OBJC_MSGSEND = YES;
				GCC_C_LANGUAGE_STANDARD = gnu11;
				GCC_NO_COMMON_BLOCKS = YES;
				GCC_WARN_64_TO_32_BIT_CONVERSION = YES;
				GCC_WARN_ABOUT_RETURN_TYPE = YES_ERROR;
				GCC_WARN_UNDECLARED_SELECTOR = YES;
				GCC_WARN_UNINITIALIZED_AUTOS = YES_AGGRESSIVE;
				GCC_WARN_UNUSED_FUNCTION = YES;
				GCC_WARN_UNUSED_VARIABLE = YES;
				IPHONEOS_DEPLOYMENT_TARGET = 14.0;
				MTL_ENABLE_DEBUG_INFO = NO;
				MTL_FAST_MATH = YES;
				SDKROOT = iphoneos;
				SWIFT_COMPILATION_MODE = wholemodule;
				SWIFT_OPTIMIZATION_LEVEL = "-O";
				VALIDATE_PRODUCT = YES;
			};
			name = Release;
		};
		9B8EF9C7252C631D00791F6E /* Debug */ = {
			isa = XCBuildConfiguration;
			buildSettings = {
				ASSETCATALOG_COMPILER_APPICON_NAME = AppIcon;
				ASSETCATALOG_COMPILER_GLOBAL_ACCENT_COLOR_NAME = AccentColor;
				CODE_SIGN_STYLE = Automatic;
				DEVELOPMENT_TEAM = 5USX99TG9B;
				INFOPLIST_FILE = macroCH/Info.plist;
				LD_RUNPATH_SEARCH_PATHS = (
					"$(inherited)",
					"@executable_path/Frameworks",
				);
				PRODUCT_BUNDLE_IDENTIFIER = clutterless.macroCH;
				PRODUCT_NAME = "$(TARGET_NAME)";
				SWIFT_VERSION = 5.0;
				TARGETED_DEVICE_FAMILY = "1,2";
			};
			name = Debug;
		};
		9B8EF9C8252C631D00791F6E /* Release */ = {
			isa = XCBuildConfiguration;
			buildSettings = {
				ASSETCATALOG_COMPILER_APPICON_NAME = AppIcon;
				ASSETCATALOG_COMPILER_GLOBAL_ACCENT_COLOR_NAME = AccentColor;
				CODE_SIGN_STYLE = Automatic;
				DEVELOPMENT_TEAM = 5USX99TG9B;
				INFOPLIST_FILE = macroCH/Info.plist;
				LD_RUNPATH_SEARCH_PATHS = (
					"$(inherited)",
					"@executable_path/Frameworks",
				);
				PRODUCT_BUNDLE_IDENTIFIER = clutterless.macroCH;
				PRODUCT_NAME = "$(TARGET_NAME)";
				SWIFT_VERSION = 5.0;
				TARGETED_DEVICE_FAMILY = "1,2";
			};
			name = Release;
		};
		9B8EF9CA252C631D00791F6E /* Debug */ = {
			isa = XCBuildConfiguration;
			buildSettings = {
				ALWAYS_EMBED_SWIFT_STANDARD_LIBRARIES = YES;
				BUNDLE_LOADER = "$(TEST_HOST)";
				CODE_SIGN_STYLE = Automatic;
				INFOPLIST_FILE = macroCHTests/Info.plist;
				IPHONEOS_DEPLOYMENT_TARGET = 14.0;
				LD_RUNPATH_SEARCH_PATHS = (
					"$(inherited)",
					"@executable_path/Frameworks",
					"@loader_path/Frameworks",
				);
				PRODUCT_BUNDLE_IDENTIFIER = j.macroCHTests;
				PRODUCT_NAME = "$(TARGET_NAME)";
				SWIFT_VERSION = 5.0;
				TARGETED_DEVICE_FAMILY = "1,2";
				TEST_HOST = "$(BUILT_PRODUCTS_DIR)/macroCH.app/macroCH";
			};
			name = Debug;
		};
		9B8EF9CB252C631D00791F6E /* Release */ = {
			isa = XCBuildConfiguration;
			buildSettings = {
				ALWAYS_EMBED_SWIFT_STANDARD_LIBRARIES = YES;
				BUNDLE_LOADER = "$(TEST_HOST)";
				CODE_SIGN_STYLE = Automatic;
				INFOPLIST_FILE = macroCHTests/Info.plist;
				IPHONEOS_DEPLOYMENT_TARGET = 14.0;
				LD_RUNPATH_SEARCH_PATHS = (
					"$(inherited)",
					"@executable_path/Frameworks",
					"@loader_path/Frameworks",
				);
				PRODUCT_BUNDLE_IDENTIFIER = j.macroCHTests;
				PRODUCT_NAME = "$(TARGET_NAME)";
				SWIFT_VERSION = 5.0;
				TARGETED_DEVICE_FAMILY = "1,2";
				TEST_HOST = "$(BUILT_PRODUCTS_DIR)/macroCH.app/macroCH";
			};
			name = Release;
		};
		9B8EF9CD252C631D00791F6E /* Debug */ = {
			isa = XCBuildConfiguration;
			buildSettings = {
				ALWAYS_EMBED_SWIFT_STANDARD_LIBRARIES = YES;
				CODE_SIGN_STYLE = Automatic;
				INFOPLIST_FILE = macroCHUITests/Info.plist;
				LD_RUNPATH_SEARCH_PATHS = (
					"$(inherited)",
					"@executable_path/Frameworks",
					"@loader_path/Frameworks",
				);
				PRODUCT_BUNDLE_IDENTIFIER = j.macroCHUITests;
				PRODUCT_NAME = "$(TARGET_NAME)";
				SWIFT_VERSION = 5.0;
				TARGETED_DEVICE_FAMILY = "1,2";
				TEST_TARGET_NAME = macroCH;
			};
			name = Debug;
		};
		9B8EF9CE252C631D00791F6E /* Release */ = {
			isa = XCBuildConfiguration;
			buildSettings = {
				ALWAYS_EMBED_SWIFT_STANDARD_LIBRARIES = YES;
				CODE_SIGN_STYLE = Automatic;
				INFOPLIST_FILE = macroCHUITests/Info.plist;
				LD_RUNPATH_SEARCH_PATHS = (
					"$(inherited)",
					"@executable_path/Frameworks",
					"@loader_path/Frameworks",
				);
				PRODUCT_BUNDLE_IDENTIFIER = j.macroCHUITests;
				PRODUCT_NAME = "$(TARGET_NAME)";
				SWIFT_VERSION = 5.0;
				TARGETED_DEVICE_FAMILY = "1,2";
				TEST_TARGET_NAME = macroCH;
			};
			name = Release;
		};
/* End XCBuildConfiguration section */

/* Begin XCConfigurationList section */
		9B8EF997252C631C00791F6E /* Build configuration list for PBXProject "macroCH" */ = {
			isa = XCConfigurationList;
			buildConfigurations = (
				9B8EF9C4252C631D00791F6E /* Debug */,
				9B8EF9C5252C631D00791F6E /* Release */,
			);
			defaultConfigurationIsVisible = 0;
			defaultConfigurationName = Release;
		};
		9B8EF9C6252C631D00791F6E /* Build configuration list for PBXNativeTarget "macroCH" */ = {
			isa = XCConfigurationList;
			buildConfigurations = (
				9B8EF9C7252C631D00791F6E /* Debug */,
				9B8EF9C8252C631D00791F6E /* Release */,
			);
			defaultConfigurationIsVisible = 0;
			defaultConfigurationName = Release;
		};
		9B8EF9C9252C631D00791F6E /* Build configuration list for PBXNativeTarget "macroCHTests" */ = {
			isa = XCConfigurationList;
			buildConfigurations = (
				9B8EF9CA252C631D00791F6E /* Debug */,
				9B8EF9CB252C631D00791F6E /* Release */,
			);
			defaultConfigurationIsVisible = 0;
			defaultConfigurationName = Release;
		};
		9B8EF9CC252C631D00791F6E /* Build configuration list for PBXNativeTarget "macroCHUITests" */ = {
			isa = XCConfigurationList;
			buildConfigurations = (
				9B8EF9CD252C631D00791F6E /* Debug */,
				9B8EF9CE252C631D00791F6E /* Release */,
			);
			defaultConfigurationIsVisible = 0;
			defaultConfigurationName = Release;
		};
/* End XCConfigurationList section */
	};
	rootObject = 9B8EF994252C631C00791F6E /* Project object */;
}
